
Microsoft Visual Studio Solution File, Format Version 12.00
# Visual Studio Version 17
VisualStudioVersion = 17.10.35122.118
MinimumVisualStudioVersion = 10.0.40219.1
Project("{8BC9CEB8-8B4A-11D0-8D11-00A0C91BC942}") = "Game", "Game\Game.vcxproj", "{375D0650-9819-4701-AC8A-68315213BA0B}"
EndProject
Global
	GlobalSection(SolutionConfigurationPlatforms) = preSolution
		Debug|x64 = Debug|x64
		Debug|x86 = Debug|x86
		Release|x64 = Release|x64
		Release|x86 = Release|x86
	EndGlobalSection
	GlobalSection(ProjectConfigurationPlatforms) = postSolution
		{375D0650-9819-4701-AC8A-68315213BA0B}.Debug|x64.ActiveCfg = Debug|x64
		{375D0650-9819-4701-AC8A-68315213BA0B}.Debug|x64.Build.0 = Debug|x64
		{375D0650-9819-4701-AC8A-68315213BA0B}.Debug|x86.ActiveCfg = Debug|Win32
		{375D0650-9819-4701-AC8A-68315213BA0B}.Debug|x86.Build.0 = Debug|Win32
		{375D0650-9819-4701-AC8A-68315213BA0B}.Release|x64.ActiveCfg = Release|x64
		{375D0650-9819-4701-AC8A-68315213BA0B}.Release|x64.Build.0 = Release|x64
		{375D0650-9819-4701-AC8A-68315213BA0B}.Release|x86.ActiveCfg = Release|Win32
		{375D0650-9819-4701-AC8A-68315213BA0B}.Release|x86.Build.0 = Release|Win32
	EndGlobalSection
	GlobalSection(SolutionProperties) = preSolution
		HideSolutionNode = FALSE
	EndGlobalSection
	GlobalSection(ExtensibilityGlobals) = postSolution
		SolutionGuid = {34D22D6F-9DE7-4671-AC63-9D10B77BAC70}
	EndGlobalSection
EndGlobal
